{
  "name": "week2",
  "version": "1.0.0",
  "lockfileVersion": 3,
  "requires": true,
  "packages": {
    "": {
      "name": "week2",
      "version": "1.0.0",
      "license": "ISC",
      "dependencies": {
        "consola": "^3.4.0"
      }
    },
    "node_modules/consola": {
      "version": "3.4.0",
      "resolved": "https://registry.npmjs.org/consola/-/consola-3.4.0.tgz",
      "integrity": "sha512-EiPU8G6dQG0GFHNR8ljnZFki/8a+cQwEQ+7wpxdChl02Q8HXlwEZWD5lqAF8vC2sEC3Tehr8hy7vErz88LHyUA==",
      "license": "MIT",
      "engines": {
        "node": "^14.18.0 || >=16.10.0"
      }
    }
  }
}
